
Microsoft Visual Studio Solution File, Format Version 12.00
# Visual Studio Version 17
VisualStudioVersion = 17.2.32630.192
MinimumVisualStudioVersion = 10.0.40219.1
Project("{9A19103F-16F7-4668-BE54-9A1E7A4F7556}") = "DataToJsonAdapter", "DataToJsonAdapter\DataToJsonAdapter.csproj", "{ED7DB78F-34D1-499E-80F9-7AFF9543F50F}"
	ProjectSection(ProjectDependencies) = postProject
		{CDB76A6D-4C70-499A-A635-FFA3B6578721} = {CDB76A6D-4C70-499A-A635-FFA3B6578721}
	EndProjectSection
EndProject
Project("{9A19103F-16F7-4668-BE54-9A1E7A4F7556}") = "DataReader", "DataReader\DataReader.csproj", "{CDB76A6D-4C70-499A-A635-FFA3B6578721}"
EndProject
Project("{9A19103F-16F7-4668-BE54-9A1E7A4F7556}") = "JsonAdapter", "JsonAdapter\JsonAdapter.csproj", "{E3ADC0D3-1326-4908-B361-3AB4539E1D99}"
	ProjectSection(ProjectDependencies) = postProject
		{CDB76A6D-4C70-499A-A635-FFA3B6578721} = {CDB76A6D-4C70-499A-A635-FFA3B6578721}
		{ED7DB78F-34D1-499E-80F9-7AFF9543F50F} = {ED7DB78F-34D1-499E-80F9-7AFF9543F50F}
	EndProjectSection
EndProject
Global
	GlobalSection(SolutionConfigurationPlatforms) = preSolution
		Debug|Any CPU = Debug|Any CPU
		Release|Any CPU = Release|Any CPU
	EndGlobalSection
	GlobalSection(ProjectConfigurationPlatforms) = postSolution
		{ED7DB78F-34D1-499E-80F9-7AFF9543F50F}.Debug|Any CPU.ActiveCfg = Debug|Any CPU
		{ED7DB78F-34D1-499E-80F9-7AFF9543F50F}.Debug|Any CPU.Build.0 = Debug|Any CPU
		{ED7DB78F-34D1-499E-80F9-7AFF9543F50F}.Release|Any CPU.ActiveCfg = Release|Any CPU
		{ED7DB78F-34D1-499E-80F9-7AFF9543F50F}.Release|Any CPU.Build.0 = Release|Any CPU
		{CDB76A6D-4C70-499A-A635-FFA3B6578721}.Debug|Any CPU.ActiveCfg = Debug|Any CPU
		{CDB76A6D-4C70-499A-A635-FFA3B6578721}.Debug|Any CPU.Build.0 = Debug|Any CPU
		{CDB76A6D-4C70-499A-A635-FFA3B6578721}.Release|Any CPU.ActiveCfg = Release|Any CPU
		{CDB76A6D-4C70-499A-A635-FFA3B6578721}.Release|Any CPU.Build.0 = Release|Any CPU
		{E3ADC0D3-1326-4908-B361-3AB4539E1D99}.Debug|Any CPU.ActiveCfg = Debug|Any CPU
		{E3ADC0D3-1326-4908-B361-3AB4539E1D99}.Debug|Any CPU.Build.0 = Debug|Any CPU
		{E3ADC0D3-1326-4908-B361-3AB4539E1D99}.Release|Any CPU.ActiveCfg = Release|Any CPU
		{E3ADC0D3-1326-4908-B361-3AB4539E1D99}.Release|Any CPU.Build.0 = Release|Any CPU
	EndGlobalSection
	GlobalSection(SolutionProperties) = preSolution
		HideSolutionNode = FALSE
	EndGlobalSection
	GlobalSection(ExtensibilityGlobals) = postSolution
		SolutionGuid = {E77CF9AB-F051-4F48-90E0-F07B1CF4AA3E}
	EndGlobalSection
EndGlobal
